// !$*UTF8*$!
{
	archiveVersion = 1;
	classes = {
	};
	objectVersion = 50;
	objects = {

/* Begin PBXBuildFile section */
		EA3DE38E215BFF7800A799A8 /* AppDelegate.swift in Sources */ = {isa = PBXBuildFile; fileRef = EA3DE38D215BFF7800A799A8 /* AppDelegate.swift */; };
		EA3DE390215BFF7800A799A8 /* art.scnassets in Resources */ = {isa = PBXBuildFile; fileRef = EA3DE38F215BFF7800A799A8 /* art.scnassets */; };
		EA3DE392215BFF7800A799A8 /* ViewController.swift in Sources */ = {isa = PBXBuildFile; fileRef = EA3DE391215BFF7800A799A8 /* ViewController.swift */; };
		EA3DE395215BFF7800A799A8 /* Main.storyboard in Resources */ = {isa = PBXBuildFile; fileRef = EA3DE393215BFF7800A799A8 /* Main.storyboard */; };
		EA3DE397215BFF7900A799A8 /* Assets.xcassets in Resources */ = {isa = PBXBuildFile; fileRef = EA3DE396215BFF7900A799A8 /* Assets.xcassets */; };
		EA3DE39A215BFF7900A799A8 /* LaunchScreen.storyboard in Resources */ = {isa = PBXBuildFile; fileRef = EA3DE398215BFF7900A799A8 /* LaunchScreen.storyboard */; };
/* End PBXBuildFile section */

/* Begin PBXFileReference section */
		EA3DE38A215BFF7800A799A8 /* MeasuringApp.app */ = {isa = PBXFileReference; explicitFileType = wrapper.application; includeInIndex = 0; path = MeasuringApp.app; sourceTree = BUILT_PRODUCTS_DIR; };
		EA3DE38D215BFF7800A799A8 /* AppDelegate.swift */ = {isa = PBXFileReference; lastKnownFileType = sourcecode.swift; path = AppDelegate.swift; sourceTree = "<group>"; };
		EA3DE38F215BFF7800A799A8 /* art.scnassets */ = {isa = PBXFileReference; lastKnownFileType = wrapper.scnassets; path = art.scnassets; sourceTree = "<group>"; };
		EA3DE391215BFF7800A799A8 /* ViewController.swift */ = {isa = PBXFileReference; lastKnownFileType = sourcecode.swift; path = ViewController.swift; sourceTree = "<group>"; };
		EA3DE394215BFF7800A799A8 /* Base */ = {isa = PBXFileReference; lastKnownFileType = file.storyboard; name = Base; path = Base.lproj/Main.storyboard; sourceTree = "<group>"; };
		EA3DE396215BFF7900A799A8 /* Assets.xcassets */ = {isa = PBXFileReference; lastKnownFileType = folder.assetcatalog; path = Assets.xcassets; sourceTree = "<group>"; };
		EA3DE399215BFF7900A799A8 /* Base */ = {isa = PBXFileReference; lastKnownFileType = file.storyboard; name = Base; path = Base.lproj/LaunchScreen.storyboard; sourceTree = "<group>"; };
		EA3DE39B215BFF7900A799A8 /* Info.plist */ = {isa = PBXFileReference; lastKnownFileType = text.plist.xml; path = Info.plist; sourceTree = "<group>"; };
/* End PBXFileReference section */

/* Begin PBXFrameworksBuildPhase section */
		EA3DE387215BFF7800A799A8 /* Frameworks */ = {
			isa = PBXFrameworksBuildPhase;
			buildActionMask = 2147483647;
			files = (
			);
			runOnlyForDeploymentPostprocessing = 0;
		};
/* End PBXFrameworksBuildPhase section */

/* Begin PBXGroup section */
		EA3DE381215BFF7800A799A8 = {
			isa = PBXGroup;
			children = (
				EA3DE38C215BFF7800A799A8 /* MeasuringApp */,
				EA3DE38B215BFF7800A799A8 /* Products */,
			);
			sourceTree = "<group>";
		};
		EA3DE38B215BFF7800A799A8 /* Products */ = {
			isa = PBXGroup;
			children = (
				EA3DE38A215BFF7800A799A8 /* MeasuringApp.app */,
			);
			name = Products;
			sourceTree = "<group>";
		};
		EA3DE38C215BFF7800A799A8 /* MeasuringApp */ = {
			isa = PBXGroup;
			children = (
				EA3DE38D215BFF7800A799A8 /* AppDelegate.swift */,
				EA3DE38F215BFF7800A799A8 /* art.scnassets */,
				EA3DE391215BFF7800A799A8 /* ViewController.swift */,
				EA3DE393215BFF7800A799A8 /* Main.storyboard */,
				EA3DE396215BFF7900A799A8 /* Assets.xcassets */,
				EA3DE398215BFF7900A799A8 /* LaunchScreen.storyboard */,
				EA3DE39B215BFF7900A799A8 /* Info.plist */,
			);
			path = MeasuringApp;
			sourceTree = "<group>";
		};
/* End PBXGroup section */

/* Begin PBXNativeTarget section */
		EA3DE389215BFF7800A799A8 /* MeasuringApp */ = {
			isa = PBXNativeTarget;
			buildConfigurationList = EA3DE39E215BFF7900A799A8 /* Build configuration list for PBXNativeTarget "MeasuringApp" */;
			buildPhases = (
				EA3DE386215BFF7800A799A8 /* Sources */,
				EA3DE387215BFF7800A799A8 /* Frameworks */,
				EA3DE388215BFF7800A799A8 /* Resources */,
			);
			buildRules = (
			);
			dependencies = (
			);
			name = MeasuringApp;
			productName = MeasuringApp;
			productReference = EA3DE38A215BFF7800A799A8 /* MeasuringApp.app */;
			productType = "com.apple.product-type.application";
		};
/* End PBXNativeTarget section */

/* Begin PBXProject section */
		EA3DE382215BFF7800A799A8 /* Project object */ = {
			isa = PBXProject;
			attributes = {
				LastSwiftUpdateCheck = 0940;
				LastUpgradeCheck = 0940;
				ORGANIZATIONNAME = "Nick Kazan";
				TargetAttributes = {
					EA3DE389215BFF7800A799A8 = {
						CreatedOnToolsVersion = 9.4.1;
					};
				};
			};
			buildConfigurationList = EA3DE385215BFF7800A799A8 /* Build configuration list for PBXProject "MeasuringApp" */;
			compatibilityVersion = "Xcode 9.3";
			developmentRegion = en;
			hasScannedForEncodings = 0;
			knownRegions = (
				en,
				Base,
			);
			mainGroup = EA3DE381215BFF7800A799A8;
			productRefGroup = EA3DE38B215BFF7800A799A8 /* Products */;
			projectDirPath = "";
			projectRoot = "";
			targets = (
				EA3DE389215BFF7800A799A8 /* MeasuringApp */,
			);
		};
/* End PBXProject section */

/* Begin PBXResourcesBuildPhase section */
		EA3DE388215BFF7800A799A8 /* Resources */ = {
			isa = PBXResourcesBuildPhase;
			buildActionMask = 2147483647;
			files = (
				EA3DE390215BFF7800A799A8 /* art.scnassets in Resources */,
				EA3DE39A215BFF7900A799A8 /* LaunchScreen.storyboard in Resources */,
				EA3DE397215BFF7900A799A8 /* Assets.xcassets in Resources */,
				EA3DE395215BFF7800A799A8 /* Main.storyboard in Resources */,
			);
			runOnlyForDeploymentPostprocessing = 0;
		};
/* End PBXResourcesBuildPhase section */

/* Begin PBXSourcesBuildPhase section */
		EA3DE386215BFF7800A799A8 /* Sources */ = {
			isa = PBXSourcesBuildPhase;
			buildActionMask = 2147483647;
			files = (
				EA3DE392215BFF7800A799A8 /* ViewController.swift in Sources */,
				EA3DE38E215BFF7800A799A8 /* AppDelegate.swift in Sources */,
			);
			runOnlyForDeploymentPostprocessing = 0;
		};
/* End PBXSourcesBuildPhase section */

/* Begin PBXVariantGroup section */
		EA3DE393215BFF7800A799A8 /* Main.storyboard */ = {
			isa = PBXVariantGroup;
			children = (
				EA3DE394215BFF7800A799A8 /* Base */,
			);
			name = Main.storyboard;
			sourceTree = "<group>";
		};
		EA3DE398215BFF7900A799A8 /* LaunchScreen.storyboard */ = {
			isa = PBXVariantGroup;
			children = (
				EA3DE399215BFF7900A799A8 /* Base */,
			);
			name = LaunchScreen.storyboard;
			sourceTree = "<group>";
		};
/* End PBXVariantGroup section */

/* Begin XCBuildConfiguration section */
		EA3DE39C215BFF7900A799A8 /* Debug */ = {
			isa = XCBuildConfiguration;
			buildSettings = {
				ALWAYS_SEARCH_USER_PATHS = NO;
				CLANG_ANALYZER_NONNULL = YES;
				CLANG_ANALYZER_NUMBER_OBJECT_CONVERSION = YES_AGGRESSIVE;
				CLANG_CXX_LANGUAGE_STANDARD = "gnu++14";
				CLANG_CXX_LIBRARY = "libc++";
				CLANG_ENABLE_MODULES = YES;
				CLANG_ENABLE_OBJC_ARC = YES;
				CLANG_ENABLE_OBJC_WEAK = YES;
				CLANG_WARN_BLOCK_CAPTURE_AUTORELEASING = YES;
				CLANG_WARN_BOOL_CONVERSION = YES;
				CLANG_WARN_COMMA = YES;
				CLANG_WARN_CONSTANT_CONVERSION = YES;
				CLANG_WARN_DEPRECATED_OBJC_IMPLEMENTATIONS = YES;
				CLANG_WARN_DIRECT_OBJC_ISA_USAGE = YES_ERROR;
				CLANG_WARN_DOCUMENTATION_COMMENTS = YES;
				CLANG_WARN_EMPTY_BODY = YES;
				CLANG_WARN_ENUM_CONVERSION = YES;
				CLANG_WARN_INFINITE_RECURSION = YES;
				CLANG_WARN_INT_CONVERSION = YES;
				CLANG_WARN_NON_LITERAL_NULL_CONVERSION = YES;
				CLANG_WARN_OBJC_IMPLICIT_RETAIN_SELF = YES;
				CLANG_WARN_OBJC_LITERAL_CONVERSION = YES;
				CLANG_WARN_OBJC_ROOT_CLASS = YES_ERROR;
				CLANG_WARN_RANGE_LOOP_ANALYSIS = YES;
				CLANG_WARN_STRICT_PROTOTYPES = YES;
				CLANG_WARN_SUSPICIOUS_MOVE = YES;
				CLANG_WARN_UNGUARDED_AVAILABILITY = YES_AGGRESSIVE;
				CLANG_WARN_UNREACHABLE_CODE = YES;
				CLANG_WARN__DUPLICATE_METHOD_MATCH = YES;
				CODE_SIGN_IDENTITY = "iPhone Developer";
				COPY_PHASE_STRIP = NO;
				DEBUG_INFORMATION_FORMAT = dwarf;
				ENABLE_STRICT_OBJC_MSGSEND = YES;
				ENABLE_TESTABILITY = YES;
				GCC_C_LANGUAGE_STANDARD = gnu11;
				GCC_DYNAMIC_NO_PIC = NO;
				GCC_NO_COMMON_BLOCKS = YES;
				GCC_OPTIMIZATION_LEVEL = 0;
				GCC_PREPROCESSOR_DEFINITIONS = (
					"DEBUG=1",
					"$(inherited)",
				);
				GCC_WARN_64_TO_32_BIT_CONVERSION = YES;
				GCC_WARN_ABOUT_RETURN_TYPE = YES_ERROR;
				GCC_WARN_UNDECLARED_SELECTOR = YES;
				GCC_WARN_UNINITIALIZED_AUTOS = YES_AGGRESSIVE;
				GCC_WARN_UNUSED_FUNCTION = YES;
				GCC_WARN_UNUSED_VARIABLE = YES;
				IPHONEOS_DEPLOYMENT_TARGET = 11.4;
				MTL_ENABLE_DEBUG_INFO = YES;
				ONLY_ACTIVE_ARCH = YES;
				SDKROOT = iphoneos;
				SWIFT_ACTIVE_COMPILATION_CONDITIONS = DEBUG;
				SWIFT_OPTIMIZATION_LEVEL = "-Onone";
			};
			name = Debug;
		};
		EA3DE39D215BFF7900A799A8 /* Release */ = {
			isa = XCBuildConfiguration;
			buildSettings = {
				ALWAYS_SEARCH_USER_PATHS = NO;
				CLANG_ANALYZER_NONNULL = YES;
				CLANG_ANALYZER_NUMBER_OBJECT_CONVERSION = YES_AGGRESSIVE;
				CLANG_CXX_LANGUAGE_STANDARD = "gnu++14";
				CLANG_CXX_LIBRARY = "libc++";
				CLANG_ENABLE_MODULES = YES;
				CLANG_ENABLE_OBJC_ARC = YES;
				CLANG_ENABLE_OBJC_WEAK = YES;
				CLANG_WARN_BLOCK_CAPTURE_AUTORELEASING = YES;
				CLANG_WARN_BOOL_CONVERSION = YES;
				CLANG_WARN_COMMA = YES;
				CLANG_WARN_CONSTANT_CONVERSION = YES;
				CLANG_WARN_DEPRECATED_OBJC_IMPLEMENTATIONS = YES;
				CLANG_WARN_DIRECT_OBJC_ISA_USAGE = YES_ERROR;
				CLANG_WARN_DOCUMENTATION_COMMENTS = YES;
				CLANG_WARN_EMPTY_BODY = YES;
				CLANG_WARN_ENUM_CONVERSION = YES;
				CLANG_WARN_INFINITE_RECURSION = YES;
				CLANG_WARN_INT_CONVERSION = YES;
				CLANG_WARN_NON_LITERAL_NULL_CONVERSION = YES;
				CLANG_WARN_OBJC_IMPLICIT_RETAIN_SELF = YES;
				CLANG_WARN_OBJC_LITERAL_CONVERSION = YES;
				CLANG_WARN_OBJC_ROOT_CLASS = YES_ERROR;
				CLANG_WARN_RANGE_LOOP_ANALYSIS = YES;
				CLANG_WARN_STRICT_PROTOTYPES = YES;
				CLANG_WARN_SUSPICIOUS_MOVE = YES;
				CLANG_WARN_UNGUARDED_AVAILABILITY = YES_AGGRESSIVE;
				CLANG_WARN_UNREACHABLE_CODE = YES;
				CLANG_WARN__DUPLICATE_METHOD_MATCH = YES;
				CODE_SIGN_IDENTITY = "iPhone Developer";
				COPY_PHASE_STRIP = NO;
				DEBUG_INFORMATION_FORMAT = "dwarf-with-dsym";
				ENABLE_NS_ASSERTIONS = NO;
				ENABLE_STRICT_OBJC_MSGSEND = YES;
				GCC_C_LANGUAGE_STANDARD = gnu11;
				GCC_NO_COMMON_BLOCKS = YES;
				GCC_WARN_64_TO_32_BIT_CONVERSION = YES;
				GCC_WARN_ABOUT_RETURN_TYPE = YES_ERROR;
				GCC_WARN_UNDECLARED_SELECTOR = YES;
				GCC_WARN_UNINITIALIZED_AUTOS = YES_AGGRESSIVE;
				GCC_WARN_UNUSED_FUNCTION = YES;
				GCC_WARN_UNUSED_VARIABLE = YES;
				IPHONEOS_DEPLOYMENT_TARGET = 11.4;
				MTL_ENABLE_DEBUG_INFO = NO;
				SDKROOT = iphoneos;
				SWIFT_COMPILATION_MODE = wholemodule;
				SWIFT_OPTIMIZATION_LEVEL = "-O";
				VALIDATE_PRODUCT = YES;
			};
			name = Release;
		};
		EA3DE39F215BFF7900A799A8 /* Debug */ = {
			isa = XCBuildConfiguration;
			buildSettings = {
				ASSETCATALOG_COMPILER_APPICON_NAME = AppIcon;
				CODE_SIGN_STYLE = Automatic;
				DEVELOPMENT_TEAM = 8E896G3MD3;
				INFOPLIST_FILE = MeasuringApp/Info.plist;
				LD_RUNPATH_SEARCH_PATHS = (
					"$(inherited)",
					"@executable_path/Frameworks",
				);
				PRODUCT_BUNDLE_IDENTIFIER = com.nickkazan.MeasuringApp;
				PRODUCT_NAME = "$(TARGET_NAME)";
				SWIFT_VERSION = 4.0;
				TARGETED_DEVICE_FAMILY = "1,2";
			};
			name = Debug;
		};
		EA3DE3A0215BFF7900A799A8 /* Release */ = {
			isa = XCBuildConfiguration;
			buildSettings = {
				ASSETCATALOG_COMPILER_APPICON_NAME = AppIcon;
				CODE_SIGN_STYLE = Automatic;
				DEVELOPMENT_TEAM = 8E896G3MD3;
				INFOPLIST_FILE = MeasuringApp/Info.plist;
				LD_RUNPATH_SEARCH_PATHS = (
					"$(inherited)",
					"@executable_path/Frameworks",
				);
				PRODUCT_BUNDLE_IDENTIFIER = com.nickkazan.MeasuringApp;
				PRODUCT_NAME = "$(TARGET_NAME)";
				SWIFT_VERSION = 4.0;
				TARGETED_DEVICE_FAMILY = "1,2";
			};
			name = Release;
		};
/* End XCBuildConfiguration section */

/* Begin XCConfigurationList section */
		EA3DE385215BFF7800A799A8 /* Build configuration list for PBXProject "MeasuringApp" */ = {
			isa = XCConfigurationList;
			buildConfigurations = (
				EA3DE39C215BFF7900A799A8 /* Debug */,
				EA3DE39D215BFF7900A799A8 /* Release */,
			);
			defaultConfigurationIsVisible = 0;
			defaultConfigurationName = Release;
		};
		EA3DE39E215BFF7900A799A8 /* Build configuration list for PBXNativeTarget "MeasuringApp" */ = {
			isa = XCConfigurationList;
			buildConfigurations = (
				EA3DE39F215BFF7900A799A8 /* Debug */,
				EA3DE3A0215BFF7900A799A8 /* Release */,
			);
			defaultConfigurationIsVisible = 0;
			defaultConfigurationName = Release;
		};
/* End XCConfigurationList section */
	};
	rootObject = EA3DE382215BFF7800A799A8 /* Project object */;
}
